
Microsoft Visual Studio Solution File, Format Version 12.00
# Visual Studio Version 17
VisualStudioVersion = 17.10.35004.147
MinimumVisualStudioVersion = 10.0.40219.1
Project("{2150E333-8FDC-42A3-9474-1A3956D46DE8}") = "src", "src", "{2F5F4C64-FC7E-4CA5-9A54-E23FD9043E24}"
EndProject
Project("{2150E333-8FDC-42A3-9474-1A3956D46DE8}") = "BackEnd", "BackEnd", "{30A65B7D-8C3D-4387-933B-39EAB61C8B58}"
EndProject
Project("{2150E333-8FDC-42A3-9474-1A3956D46DE8}") = "FrontEnd", "FrontEnd", "{7ECEAE7D-A20A-483A-AFB5-013A29A3CA3B}"
EndProject
Project("{2150E333-8FDC-42A3-9474-1A3956D46DE8}") = "Common", "Common", "{F961ECEC-C879-433F-85A8-66722E36B988}"
EndProject
Project("{2150E333-8FDC-42A3-9474-1A3956D46DE8}") = "Infraestructure", "Infraestructure", "{FD569847-F9CD-42E1-BC2B-8906F3B4F3A4}"
EndProject
Project("{FAE04EC0-301F-11D3-BF4B-00C04F79EFBC}") = "SchoolProMa.Common.Data", "SchoolProMa.Common.Data\SchoolProMa.Common.Data.csproj", "{120E2FFF-B8F0-400F-8474-3C918A56FD62}"
EndProject
Project("{FAE04EC0-301F-11D3-BF4B-00C04F79EFBC}") = "SchoolProMa.Infraestructure", "SchoolProMa.Infraestructure\SchoolProMa.Infraestructure.csproj", "{4B4DAC1E-67D9-4386-BD2E-7E1C0F285B16}"
EndProject
Project("{2150E333-8FDC-42A3-9474-1A3956D46DE8}") = "Modules", "Modules", "{6C247FF8-38A9-4A0A-8376-8113591C0DC3}"
EndProject
Project("{2150E333-8FDC-42A3-9474-1A3956D46DE8}") = "Course Management", "Course Management", "{F3C74EB5-5FA1-465A-B177-322F95F8BC2E}"
EndProject
Project("{2150E333-8FDC-42A3-9474-1A3956D46DE8}") = "Apis", "Apis", "{8E143FAF-E22E-438B-BC54-1626B76315B8}"
EndProject
Project("{2150E333-8FDC-42A3-9474-1A3956D46DE8}") = "Application", "Application", "{5B090D01-02EB-4212-AECF-861B8DF40DCB}"
EndProject
Project("{2150E333-8FDC-42A3-9474-1A3956D46DE8}") = "Domain", "Domain", "{44CB8E3B-6FCC-4E99-90E4-FAF4D2F6B7CD}"
EndProject
Project("{2150E333-8FDC-42A3-9474-1A3956D46DE8}") = "Persistence", "Persistence", "{627BFE5F-53E6-4D21-9682-8B93A20890D5}"
EndProject
Project("{FAE04EC0-301F-11D3-BF4B-00C04F79EFBC}") = "SchoolProMa.Course.Api", "SchoolProMa.Course.Api\SchoolProMa.Course.Api.csproj", "{D93FA81A-7C85-4748-A686-AFDC737CACD0}"
EndProject
Project("{FAE04EC0-301F-11D3-BF4B-00C04F79EFBC}") = "SchoolProMa.Course.Application", "SchoolProMa.Course.Application\SchoolProMa.Course.Application.csproj", "{98D8F362-3C6C-4F88-9496-B1E3093799F8}"
EndProject
Project("{FAE04EC0-301F-11D3-BF4B-00C04F79EFBC}") = "SchoolProMa.Course.Domain", "SchoolProMa.Course.Domain\SchoolProMa.Course.Domain.csproj", "{860159A3-1C3F-4FBF-9EFD-5C78B9FF4228}"
EndProject
Project("{FAE04EC0-301F-11D3-BF4B-00C04F79EFBC}") = "SchoolProMa.Course.Persistance", "SchoolProMa.Course.Persistance\SchoolProMa.Course.Persistance.csproj", "{7EDD9E3D-A6B8-45DF-8526-542E54A52E69}"
EndProject
Global
	GlobalSection(SolutionConfigurationPlatforms) = preSolution
		Debug|Any CPU = Debug|Any CPU
		Release|Any CPU = Release|Any CPU
	EndGlobalSection
	GlobalSection(ProjectConfigurationPlatforms) = postSolution
		{120E2FFF-B8F0-400F-8474-3C918A56FD62}.Debug|Any CPU.ActiveCfg = Debug|Any CPU
		{120E2FFF-B8F0-400F-8474-3C918A56FD62}.Debug|Any CPU.Build.0 = Debug|Any CPU
		{120E2FFF-B8F0-400F-8474-3C918A56FD62}.Release|Any CPU.ActiveCfg = Release|Any CPU
		{120E2FFF-B8F0-400F-8474-3C918A56FD62}.Release|Any CPU.Build.0 = Release|Any CPU
		{4B4DAC1E-67D9-4386-BD2E-7E1C0F285B16}.Debug|Any CPU.ActiveCfg = Debug|Any CPU
		{4B4DAC1E-67D9-4386-BD2E-7E1C0F285B16}.Debug|Any CPU.Build.0 = Debug|Any CPU
		{4B4DAC1E-67D9-4386-BD2E-7E1C0F285B16}.Release|Any CPU.ActiveCfg = Release|Any CPU
		{4B4DAC1E-67D9-4386-BD2E-7E1C0F285B16}.Release|Any CPU.Build.0 = Release|Any CPU
		{D93FA81A-7C85-4748-A686-AFDC737CACD0}.Debug|Any CPU.ActiveCfg = Debug|Any CPU
		{D93FA81A-7C85-4748-A686-AFDC737CACD0}.Debug|Any CPU.Build.0 = Debug|Any CPU
		{D93FA81A-7C85-4748-A686-AFDC737CACD0}.Release|Any CPU.ActiveCfg = Release|Any CPU
		{D93FA81A-7C85-4748-A686-AFDC737CACD0}.Release|Any CPU.Build.0 = Release|Any CPU
		{98D8F362-3C6C-4F88-9496-B1E3093799F8}.Debug|Any CPU.ActiveCfg = Debug|Any CPU
		{98D8F362-3C6C-4F88-9496-B1E3093799F8}.Debug|Any CPU.Build.0 = Debug|Any CPU
		{98D8F362-3C6C-4F88-9496-B1E3093799F8}.Release|Any CPU.ActiveCfg = Release|Any CPU
		{98D8F362-3C6C-4F88-9496-B1E3093799F8}.Release|Any CPU.Build.0 = Release|Any CPU
		{860159A3-1C3F-4FBF-9EFD-5C78B9FF4228}.Debug|Any CPU.ActiveCfg = Debug|Any CPU
		{860159A3-1C3F-4FBF-9EFD-5C78B9FF4228}.Debug|Any CPU.Build.0 = Debug|Any CPU
		{860159A3-1C3F-4FBF-9EFD-5C78B9FF4228}.Release|Any CPU.ActiveCfg = Release|Any CPU
		{860159A3-1C3F-4FBF-9EFD-5C78B9FF4228}.Release|Any CPU.Build.0 = Release|Any CPU
		{7EDD9E3D-A6B8-45DF-8526-542E54A52E69}.Debug|Any CPU.ActiveCfg = Debug|Any CPU
		{7EDD9E3D-A6B8-45DF-8526-542E54A52E69}.Debug|Any CPU.Build.0 = Debug|Any CPU
		{7EDD9E3D-A6B8-45DF-8526-542E54A52E69}.Release|Any CPU.ActiveCfg = Release|Any CPU
		{7EDD9E3D-A6B8-45DF-8526-542E54A52E69}.Release|Any CPU.Build.0 = Release|Any CPU
	EndGlobalSection
	GlobalSection(SolutionProperties) = preSolution
		HideSolutionNode = FALSE
	EndGlobalSection
	GlobalSection(NestedProjects) = preSolution
		{30A65B7D-8C3D-4387-933B-39EAB61C8B58} = {2F5F4C64-FC7E-4CA5-9A54-E23FD9043E24}
		{7ECEAE7D-A20A-483A-AFB5-013A29A3CA3B} = {2F5F4C64-FC7E-4CA5-9A54-E23FD9043E24}
		{F961ECEC-C879-433F-85A8-66722E36B988} = {30A65B7D-8C3D-4387-933B-39EAB61C8B58}
		{FD569847-F9CD-42E1-BC2B-8906F3B4F3A4} = {30A65B7D-8C3D-4387-933B-39EAB61C8B58}
		{120E2FFF-B8F0-400F-8474-3C918A56FD62} = {F961ECEC-C879-433F-85A8-66722E36B988}
		{4B4DAC1E-67D9-4386-BD2E-7E1C0F285B16} = {FD569847-F9CD-42E1-BC2B-8906F3B4F3A4}
		{6C247FF8-38A9-4A0A-8376-8113591C0DC3} = {30A65B7D-8C3D-4387-933B-39EAB61C8B58}
		{F3C74EB5-5FA1-465A-B177-322F95F8BC2E} = {6C247FF8-38A9-4A0A-8376-8113591C0DC3}
		{8E143FAF-E22E-438B-BC54-1626B76315B8} = {F3C74EB5-5FA1-465A-B177-322F95F8BC2E}
		{5B090D01-02EB-4212-AECF-861B8DF40DCB} = {F3C74EB5-5FA1-465A-B177-322F95F8BC2E}
		{44CB8E3B-6FCC-4E99-90E4-FAF4D2F6B7CD} = {F3C74EB5-5FA1-465A-B177-322F95F8BC2E}
		{627BFE5F-53E6-4D21-9682-8B93A20890D5} = {F3C74EB5-5FA1-465A-B177-322F95F8BC2E}
		{D93FA81A-7C85-4748-A686-AFDC737CACD0} = {8E143FAF-E22E-438B-BC54-1626B76315B8}
		{98D8F362-3C6C-4F88-9496-B1E3093799F8} = {5B090D01-02EB-4212-AECF-861B8DF40DCB}
		{860159A3-1C3F-4FBF-9EFD-5C78B9FF4228} = {44CB8E3B-6FCC-4E99-90E4-FAF4D2F6B7CD}
		{7EDD9E3D-A6B8-45DF-8526-542E54A52E69} = {627BFE5F-53E6-4D21-9682-8B93A20890D5}
	EndGlobalSection
	GlobalSection(ExtensibilityGlobals) = postSolution
		SolutionGuid = {CEC465F4-1951-472A-B8ED-CB60C922B65E}
	EndGlobalSection
EndGlobal
